
Microsoft Visual Studio Solution File, Format Version 12.00
# Visual Studio 15
VisualStudioVersion = 15.0.28010.2048
MinimumVisualStudioVersion = 10.0.40219.1
Project("{FAE04EC0-301F-11D3-BF4B-00C04F79EFBC}") = "NaukaCsharp", "NaukaCsharp\NaukaCsharp.csproj", "{043A5050-099E-4B5A-9BB0-6C69F1ED16CE}"
EndProject
Global
	GlobalSection(SolutionConfigurationPlatforms) = preSolution
		Debug|Any CPU = Debug|Any CPU
		Release|Any CPU = Release|Any CPU
	EndGlobalSection
	GlobalSection(ProjectConfigurationPlatforms) = postSolution
		{043A5050-099E-4B5A-9BB0-6C69F1ED16CE}.Debug|Any CPU.ActiveCfg = Debug|Any CPU
		{043A5050-099E-4B5A-9BB0-6C69F1ED16CE}.Debug|Any CPU.Build.0 = Debug|Any CPU
		{043A5050-099E-4B5A-9BB0-6C69F1ED16CE}.Release|Any CPU.ActiveCfg = Release|Any CPU
		{043A5050-099E-4B5A-9BB0-6C69F1ED16CE}.Release|Any CPU.Build.0 = Release|Any CPU
	EndGlobalSection
	GlobalSection(SolutionProperties) = preSolution
		HideSolutionNode = FALSE
	EndGlobalSection
	GlobalSection(ExtensibilityGlobals) = postSolution
		SolutionGuid = {CE061F0A-9019-421B-8F3E-A9F4D3357742}
	EndGlobalSection
EndGlobal
